{
  "version": 4,
  "terraform_version": "0.12.13",
  "serial": 17,
  "lineage": "5d0c26ba-6d6c-daf6-3645-6bce50da097b",
  "outputs": {},
  "resources": [
    {
      "module": "module.check",
      "mode": "managed",
      "type": "aws_s3_bucket",
      "name": "bootstrap_bucket",
      "provider": "module.check.provider.aws",
      "instances": [
        {
          "schema_version": 0,
          "attributes": {
            "acceleration_status": "",
            "acl": "private",
            "arn": "arn:aws:s3:::adwwdwdqdqdwqwd-sfsasd203ed320-23e32ea-asdas",
            "bucket": "adwwdwdqdqdwqwd-sfsasd203ed320-23e32ea-asdas",
            "bucket_domain_name": "adwwdwdqdqdwqwd-sfsasd203ed320-23e32ea-asdas.s3.amazonaws.com",
            "bucket_prefix": null,
            "bucket_regional_domain_name": "adwwdwdqdqdwqwd-sfsasd203ed320-23e32ea-asdas.s3.eu-west-2.amazonaws.com",
            "cors_rule": [],
            "force_destroy": true,
            "hosted_zone_id": "Z3GKZC51ZF0DB4",
            "id": "adwwdwdqdqdwqwd-sfsasd203ed320-23e32ea-asdas",
            "lifecycle_rule": [],
            "logging": [],
            "object_lock_configuration": [],
            "policy": null,
            "region": "eu-west-2",
            "replication_configuration": [],
            "request_payer": "BucketOwner",
            "server_side_encryption_configuration": [],
            "tags": {
              "Name": "bootstrap_bucket"
            },
            "versioning": [
              {
                "enabled": false,
                "mfa_delete": false
              }
            ],
            "website": [],
            "website_domain": null,
            "website_endpoint": null
          },
          "private": "bnVsbA=="
        }
      ]
    },
    {
      "module": "module.check",
      "mode": "managed",
      "type": "aws_s3_bucket_object",
      "name": "bootstrap_xml",
      "provider": "module.check.provider.aws",
      "instances": [
        {
          "schema_version": 0,
          "attributes": {
            "acl": "private",
            "bucket": "adwwdwdqdqdwqwd-sfsasd203ed320-23e32ea-asdas",
            "cache_control": "",
            "content": null,
            "content_base64": null,
            "content_disposition": "",
            "content_encoding": "",
            "content_language": "",
            "content_type": "binary/octet-stream",
            "etag": "a54bc98f8034e720f51f4083a8227f3a",
            "force_destroy": false,
            "id": "config/bootstrap.xml",
            "key": "config/bootstrap.xml",
            "kms_key_id": null,
            "metadata": null,
            "object_lock_legal_hold_status": "",
            "object_lock_mode": "",
            "object_lock_retain_until_date": "",
            "server_side_encryption": "",
            "source": "../bootstrap_files/east-west/fw1/bootstrap.xml",
            "storage_class": "STANDARD",
            "tags": null,
            "version_id": "",
            "website_redirect": ""
          },
          "private": "bnVsbA==",
          "depends_on": [
            "aws_s3_bucket.bootstrap_bucket"
          ]
        }
      ]
    }
  ]
}
