{
  "version": 4,
  "terraform_version": "0.12.13",
  "serial": 39,
  "lineage": "4f118745-1c6e-86fa-bb8d-9402cd952b16",
  "outputs": {
    "panorama_public_ip": {
      "value": "52.255.150.247",
      "type": "string"
    }
  },
  "resources": [
    {
      "mode": "managed",
      "type": "azurerm_network_interface",
      "name": "panorama",
      "provider": "provider.azurerm",
      "instances": [
        {
          "schema_version": 0,
          "attributes": {
            "applied_dns_servers": [],
            "dns_servers": [],
            "enable_accelerated_networking": false,
            "enable_ip_forwarding": false,
            "id": "/subscriptions/8e727c8e-77f1-4054-9cc4-4523bfa6cc53/resourceGroups/PANW/providers/Microsoft.Network/networkInterfaces/Panorama_Int",
            "internal_dns_name_label": "",
            "internal_domain_name_suffix": "h2eziplaguvehbwy3xlxkt1sxd.bx.internal.cloudapp.net",
            "ip_configuration": [
              {
                "name": "Panorama_Int",
                "primary": true,
                "private_ip_address": "10.0.0.100",
                "private_ip_address_allocation": "Static",
                "private_ip_address_version": "IPv4",
                "public_ip_address_id": "/subscriptions/8e727c8e-77f1-4054-9cc4-4523bfa6cc53/resourceGroups/PANW/providers/Microsoft.Network/publicIPAddresses/Panorama_Public_IP",
                "subnet_id": "/subscriptions/8e727c8e-77f1-4054-9cc4-4523bfa6cc53/resourceGroups/PANW/providers/Microsoft.Network/virtualNetworks/Corporate/subnets/default"
              }
            ],
            "location": "eastus",
            "mac_address": "",
            "name": "Panorama_Int",
            "private_ip_address": "10.0.0.100",
            "private_ip_addresses": [
              "10.0.0.100"
            ],
            "resource_group_name": "PANW",
            "tags": null,
            "timeouts": null,
            "virtual_machine_id": ""
          },
          "private": "eyJlMmJmYjczMC1lY2FhLTExZTYtOGY4OC0zNDM2M2JjN2M0YzAiOnsiY3JlYXRlIjoxODAwMDAwMDAwMDAwLCJkZWxldGUiOjE4MDAwMDAwMDAwMDAsInJlYWQiOjMwMDAwMDAwMDAwMCwidXBkYXRlIjoxODAwMDAwMDAwMDAwfX0=",
          "depends_on": [
            "azurerm_public_ip.panorama"
          ]
        }
      ]
    },
    {
      "mode": "managed",
      "type": "azurerm_public_ip",
      "name": "panorama",
      "provider": "provider.azurerm",
      "instances": [
        {
          "schema_version": 0,
          "attributes": {
            "allocation_method": "Static",
            "domain_name_label": null,
            "fqdn": null,
            "id": "/subscriptions/8e727c8e-77f1-4054-9cc4-4523bfa6cc53/resourceGroups/PANW/providers/Microsoft.Network/publicIPAddresses/Panorama_Public_IP",
            "idle_timeout_in_minutes": 4,
            "ip_address": "52.255.150.247",
            "ip_version": "IPv4",
            "location": "eastus",
            "name": "Panorama_Public_IP",
            "public_ip_prefix_id": null,
            "resource_group_name": "PANW",
            "reverse_fqdn": null,
            "sku": "Basic",
            "tags": null,
            "timeouts": null,
            "zones": null
          },
          "private": "eyJlMmJmYjczMC1lY2FhLTExZTYtOGY4OC0zNDM2M2JjN2M0YzAiOnsiY3JlYXRlIjoxODAwMDAwMDAwMDAwLCJkZWxldGUiOjE4MDAwMDAwMDAwMDAsInJlYWQiOjMwMDAwMDAwMDAwMCwidXBkYXRlIjoxODAwMDAwMDAwMDAwfX0="
        }
      ]
    },
    {
      "mode": "managed",
      "type": "azurerm_storage_account",
      "name": "mystorageaccount",
      "provider": "provider.azurerm",
      "instances": [
        {
          "schema_version": 2,
          "attributes": {
            "access_tier": "Hot",
            "account_kind": "StorageV2",
            "account_replication_type": "LRS",
            "account_tier": "Standard",
            "blob_properties": [],
            "custom_domain": [],
            "enable_https_traffic_only": true,
            "id": "/subscriptions/8e727c8e-77f1-4054-9cc4-4523bfa6cc53/resourceGroups/PANW/providers/Microsoft.Storage/storageAccounts/panorama7521ca77",
            "identity": [],
            "is_hns_enabled": false,
            "location": "eastus",
            "name": "panorama7521ca77",
            "network_rules": [
              {
                "bypass": [
                  "AzureServices"
                ],
                "default_action": "Allow",
                "ip_rules": [],
                "virtual_network_subnet_ids": []
              }
            ],
            "primary_access_key": "qBZ6aR7BYe+o0s2AUcu5//qHj/b4LU8kb+r9wkPjm+KX0Kl3Wa5xjqaYYkB4awoMwU9/UwC5bYmrsNr1gUf3aw==",
            "primary_blob_connection_string": "DefaultEndpointsProtocol=https;BlobEndpoint=https://panorama7521ca77.blob.core.windows.net/;AccountName=panorama7521ca77;AccountKey=qBZ6aR7BYe+o0s2AUcu5//qHj/b4LU8kb+r9wkPjm+KX0Kl3Wa5xjqaYYkB4awoMwU9/UwC5bYmrsNr1gUf3aw==",
            "primary_blob_endpoint": "https://panorama7521ca77.blob.core.windows.net/",
            "primary_blob_host": "panorama7521ca77.blob.core.windows.net",
            "primary_connection_string": "DefaultEndpointsProtocol=https;AccountName=panorama7521ca77;AccountKey=qBZ6aR7BYe+o0s2AUcu5//qHj/b4LU8kb+r9wkPjm+KX0Kl3Wa5xjqaYYkB4awoMwU9/UwC5bYmrsNr1gUf3aw==;EndpointSuffix=core.windows.net",
            "primary_dfs_endpoint": "https://panorama7521ca77.dfs.core.windows.net/",
            "primary_dfs_host": "panorama7521ca77.dfs.core.windows.net",
            "primary_file_endpoint": "https://panorama7521ca77.file.core.windows.net/",
            "primary_file_host": "panorama7521ca77.file.core.windows.net",
            "primary_location": "eastus",
            "primary_queue_endpoint": "https://panorama7521ca77.queue.core.windows.net/",
            "primary_queue_host": "panorama7521ca77.queue.core.windows.net",
            "primary_table_endpoint": "https://panorama7521ca77.table.core.windows.net/",
            "primary_table_host": "panorama7521ca77.table.core.windows.net",
            "primary_web_endpoint": "https://panorama7521ca77.z13.web.core.windows.net/",
            "primary_web_host": "panorama7521ca77.z13.web.core.windows.net",
            "queue_properties": [
              {
                "cors_rule": [],
                "hour_metrics": [
                  {
                    "enabled": true,
                    "include_apis": true,
                    "retention_policy_days": 7,
                    "version": "1.0"
                  }
                ],
                "logging": [
                  {
                    "delete": false,
                    "read": false,
                    "retention_policy_days": 0,
                    "version": "1.0",
                    "write": false
                  }
                ],
                "minute_metrics": [
                  {
                    "enabled": false,
                    "include_apis": false,
                    "retention_policy_days": 0,
                    "version": "1.0"
                  }
                ]
              }
            ],
            "resource_group_name": "PANW",
            "secondary_access_key": "5pG2JqDQwsh4ASmkxe7///TrpdmDnH3Wxl3GXGxrnMLelIk3Voo07am3g236kKY8+BzYZWcNoFq80UmC8ZPO7A==",
            "secondary_blob_connection_string": "",
            "secondary_blob_endpoint": null,
            "secondary_blob_host": null,
            "secondary_connection_string": "DefaultEndpointsProtocol=https;AccountName=panorama7521ca77;AccountKey=5pG2JqDQwsh4ASmkxe7///TrpdmDnH3Wxl3GXGxrnMLelIk3Voo07am3g236kKY8+BzYZWcNoFq80UmC8ZPO7A==;EndpointSuffix=core.windows.net",
            "secondary_dfs_endpoint": null,
            "secondary_dfs_host": null,
            "secondary_file_endpoint": null,
            "secondary_file_host": null,
            "secondary_location": "",
            "secondary_queue_endpoint": null,
            "secondary_queue_host": null,
            "secondary_table_endpoint": null,
            "secondary_table_host": null,
            "secondary_web_endpoint": null,
            "secondary_web_host": null,
            "static_website": [],
            "tags": null,
            "timeouts": null
          },
          "private": "eyJlMmJmYjczMC1lY2FhLTExZTYtOGY4OC0zNDM2M2JjN2M0YzAiOnsiY3JlYXRlIjozNjAwMDAwMDAwMDAwLCJkZWxldGUiOjM2MDAwMDAwMDAwMDAsInJlYWQiOjMwMDAwMDAwMDAwMCwidXBkYXRlIjozNjAwMDAwMDAwMDAwfSwic2NoZW1hX3ZlcnNpb24iOiIyIn0=",
          "depends_on": [
            "random_id.storage_account"
          ]
        }
      ]
    },
    {
      "mode": "managed",
      "type": "azurerm_virtual_machine",
      "name": "panorama",
      "provider": "provider.azurerm",
      "instances": [
        {
          "schema_version": 0,
          "attributes": {
            "additional_capabilities": [],
            "availability_set_id": null,
            "boot_diagnostics": [
              {
                "enabled": true,
                "storage_uri": "https://panorama7521ca77.blob.core.windows.net/"
              }
            ],
            "delete_data_disks_on_termination": true,
            "delete_os_disk_on_termination": true,
            "id": "/subscriptions/8e727c8e-77f1-4054-9cc4-4523bfa6cc53/resourceGroups/PANW/providers/Microsoft.Compute/virtualMachines/Panorama",
            "identity": [],
            "license_type": null,
            "location": "eastus",
            "name": "Panorama",
            "network_interface_ids": [
              "/subscriptions/8e727c8e-77f1-4054-9cc4-4523bfa6cc53/resourceGroups/PANW/providers/Microsoft.Network/networkInterfaces/Panorama_Int"
            ],
            "os_profile": [
              {
                "admin_password": "",
                "admin_username": "panadmin",
                "computer_name": "Panorama",
                "custom_data": ""
              }
            ],
            "os_profile_linux_config": [
              {
                "disable_password_authentication": false,
                "ssh_keys": []
              }
            ],
            "os_profile_secrets": [],
            "os_profile_windows_config": [],
            "plan": [
              {
                "name": "byol",
                "product": "panorama",
                "publisher": "paloaltonetworks"
              }
            ],
            "primary_network_interface_id": "/subscriptions/8e727c8e-77f1-4054-9cc4-4523bfa6cc53/resourceGroups/PANW/providers/Microsoft.Network/networkInterfaces/Panorama_Int",
            "proximity_placement_group_id": null,
            "resource_group_name": "PANW",
            "storage_data_disk": [],
            "storage_image_reference": [
              {
                "id": "",
                "offer": "panorama",
                "publisher": "paloaltonetworks",
                "sku": "byol",
                "version": "8.1.2"
              }
            ],
            "storage_os_disk": [
              {
                "caching": "ReadWrite",
                "create_option": "FromImage",
                "disk_size_gb": 81,
                "image_uri": "",
                "managed_disk_id": "/subscriptions/8e727c8e-77f1-4054-9cc4-4523bfa6cc53/resourceGroups/PANW/providers/Microsoft.Compute/disks/Panorama",
                "managed_disk_type": "StandardSSD_LRS",
                "name": "Panorama",
                "os_type": "Linux",
                "vhd_uri": "",
                "write_accelerator_enabled": false
              }
            ],
            "tags": null,
            "timeouts": null,
            "vm_size": "Standard_D4s_v3",
            "zones": null
          },
          "private": "eyJlMmJmYjczMC1lY2FhLTExZTYtOGY4OC0zNDM2M2JjN2M0YzAiOnsiY3JlYXRlIjozNjAwMDAwMDAwMDAwLCJkZWxldGUiOjM2MDAwMDAwMDAwMDAsInJlYWQiOjMwMDAwMDAwMDAwMCwidXBkYXRlIjozNjAwMDAwMDAwMDAwfX0=",
          "depends_on": [
            "azurerm_network_interface.panorama",
            "azurerm_storage_account.mystorageaccount"
          ]
        }
      ]
    },
    {
      "mode": "managed",
      "type": "random_id",
      "name": "storage_account",
      "provider": "provider.random",
      "instances": [
        {
          "schema_version": 0,
          "attributes": {
            "b64": "dSHKdw",
            "b64_std": "dSHKdw==",
            "b64_url": "dSHKdw",
            "byte_length": 4,
            "dec": "1965148791",
            "hex": "7521ca77",
            "id": "dSHKdw",
            "keepers": null,
            "prefix": null
          },
          "private": "bnVsbA=="
        }
      ]
    }
  ]
}
